
Microsoft Visual Studio Solution File, Format Version 12.00
# Visual Studio Version 17
VisualStudioVersion = 17.8.34330.188
MinimumVisualStudioVersion = 10.0.40219.1
Project("{FAE04EC0-301F-11D3-BF4B-00C04F79EFBC}") = "RecettesAPI_HBKMAM", "RecettesAPI_HBKMAM.csproj", "{7B35AA5A-B280-4827-BFF3-531A7E410B8B}"
EndProject
Global
	GlobalSection(SolutionConfigurationPlatforms) = preSolution
		Debug|Any CPU = Debug|Any CPU
		Release|Any CPU = Release|Any CPU
	EndGlobalSection
	GlobalSection(ProjectConfigurationPlatforms) = postSolution
		{7B35AA5A-B280-4827-BFF3-531A7E410B8B}.Debug|Any CPU.ActiveCfg = Debug|Any CPU
		{7B35AA5A-B280-4827-BFF3-531A7E410B8B}.Debug|Any CPU.Build.0 = Debug|Any CPU
		{7B35AA5A-B280-4827-BFF3-531A7E410B8B}.Release|Any CPU.ActiveCfg = Release|Any CPU
		{7B35AA5A-B280-4827-BFF3-531A7E410B8B}.Release|Any CPU.Build.0 = Release|Any CPU
	EndGlobalSection
	GlobalSection(SolutionProperties) = preSolution
		HideSolutionNode = FALSE
	EndGlobalSection
	GlobalSection(ExtensibilityGlobals) = postSolution
		SolutionGuid = {FD508687-3773-4A6F-9DAF-98697166CE35}
	EndGlobalSection
EndGlobal
